
Microsoft Visual Studio Solution File, Format Version 12.00
# Visual Studio 15
VisualStudioVersion = 15.0.27004.2009
MinimumVisualStudioVersion = 10.0.40219.1
Project("{2150E333-8FDC-42A3-9474-1A3956D46DE8}") = ".Solution Items", ".Solution Items", "{90F6AC8D-CCBC-4EB1-A448-6C931901B985}"
	ProjectSection(SolutionItems) = preProject
		.gitignore = .gitignore
		appveyor.yml = appveyor.yml
		license.txt = license.txt
		.nuget\NuGet.Config = .nuget\NuGet.Config
		.nuget\pack.ps1 = .nuget\pack.ps1
		readme.md = readme.md
		.nuget\setVersion.ps1 = .nuget\setVersion.ps1
	EndProjectSection
EndProject
Project("{2150E333-8FDC-42A3-9474-1A3956D46DE8}") = "tests", "tests", "{8A8DF2AE-D820-4CDB-BB3F-0A41C982FB53}"
EndProject
Project("{2150E333-8FDC-42A3-9474-1A3956D46DE8}") = "docs", "docs", "{C36723A8-BC99-4F64-9ECA-854BAFF42C04}"
	ProjectSection(SolutionItems) = preProject
		docs\_config.yml = docs\_config.yml
		docs\breaking-changes.md = docs\breaking-changes.md
		docs\custom-locator.md = docs\custom-locator.md
		docs\custom-objectfactory.md = docs\custom-objectfactory.md
		docs\example-episerver-locator.md = docs\example-episerver-locator.md
		docs\example-netcore-configure-services.md = docs\example-netcore-configure-services.md
		docs\ilocator-setup.md = docs\ilocator-setup.md
		docs\index.md = docs\index.md
		docs\known-issues.md = docs\known-issues.md
		docs\modules.md = docs\modules.md
		docs\register.md = docs\register.md
		docs\scanning.md = docs\scanning.md
		docs\scoped-locator.md = docs\scoped-locator.md
	EndProjectSection
EndProject
Project("{2150E333-8FDC-42A3-9474-1A3956D46DE8}") = "Extensions", "Extensions", "{0E2C2FB2-59F2-41B6-88E5-BA65ACD0A29A}"
EndProject
Project("{9A19103F-16F7-4668-BE54-9A1E7A4F7556}") = "DotNetStarter.Abstractions", "src\DotNetStarter.Abstractions\DotNetStarter.Abstractions.csproj", "{E7196A51-5932-47EA-BE3A-F65567C9CD8B}"
EndProject
Project("{9A19103F-16F7-4668-BE54-9A1E7A4F7556}") = "DotNetStarter", "src\DotNetStarter\DotNetStarter.csproj", "{F75A648E-8412-41FE-8C4D-D1F3178AC718}"
EndProject
Project("{9A19103F-16F7-4668-BE54-9A1E7A4F7556}") = "DotNetStarter.Web", "src\DotNetStarter.Web\DotNetStarter.Web.csproj", "{7E4F532B-75C1-4FAD-9081-61886E29562D}"
EndProject
Project("{9A19103F-16F7-4668-BE54-9A1E7A4F7556}") = "DotNetStarter.Owin", "src\DotNetStarter.Owin\DotNetStarter.Owin.csproj", "{725B781E-838A-483F-802E-C0AEAEA217CE}"
EndProject
Project("{9A19103F-16F7-4668-BE54-9A1E7A4F7556}") = "DotNetStarter.RegistrationAbstractions", "src\DotNetStarter.RegistrationAbstractions\DotNetStarter.RegistrationAbstractions.csproj", "{C68C2F9D-A735-4AE7-9811-F108FA104CE7}"
EndProject
Project("{2150E333-8FDC-42A3-9474-1A3956D46DE8}") = "Locators", "Locators", "{FC53A6BC-F55F-42E8-A855-D0E955D3C79B}"
EndProject
Project("{9A19103F-16F7-4668-BE54-9A1E7A4F7556}") = "DotNetStarter.Locators.LightInject", "src\DotNetStarter.Locators.LightInject\DotNetStarter.Locators.LightInject.csproj", "{3A3C931D-1590-4735-BE23-11859BB2A49B}"
EndProject
Project("{9A19103F-16F7-4668-BE54-9A1E7A4F7556}") = "DotNetStarter.Locators.StructureMapSigned", "src\DotNetStarter.Locators.StructureMapSigned\DotNetStarter.Locators.StructureMapSigned.csproj", "{2D5D917E-20CF-41F4-995D-7A72095025ED}"
EndProject
Project("{9A19103F-16F7-4668-BE54-9A1E7A4F7556}") = "DotNetStarter.Locators.StructureMap", "src\DotNetStarter.Locators.StructureMap\DotNetStarter.Locators.StructureMap.csproj", "{4FEBAE7B-35C6-4FBE-AE0D-C10B24142DE7}"
EndProject
Project("{9A19103F-16F7-4668-BE54-9A1E7A4F7556}") = "DotNetStarter.Locators.DryIoc", "src\DotNetStarter.Locators.DryIoc\DotNetStarter.Locators.DryIoc.csproj", "{A9A02B93-BFDA-4B29-863C-DC0625C89565}"
EndProject
Project("{9A19103F-16F7-4668-BE54-9A1E7A4F7556}") = "DotNetStarter.StartupBuilderTests", "tests\DotNetStarter.StartupBuilderTests\DotNetStarter.StartupBuilderTests.csproj", "{4C3E87F3-4175-4E35-9D6E-B31796DDE1C3}"
EndProject
Project("{2150E333-8FDC-42A3-9474-1A3956D46DE8}") = "targets", "targets", "{85543010-7A7C-475E-8464-AAE1FBDCAA96}"
	ProjectSection(SolutionItems) = preProject
		targets\AddReadMeMarkdown.targets = targets\AddReadMeMarkdown.targets
		targets\AddReleaseNotes.targets = targets\AddReleaseNotes.targets
		targets\CommonBuild.props = targets\CommonBuild.props
		targets\CommonNuGetPackage.props = targets\CommonNuGetPackage.props
		targets\SignDll.props = targets\SignDll.props
	EndProjectSection
EndProject
Project("{9A19103F-16F7-4668-BE54-9A1E7A4F7556}") = "DotNetStarter.Extensions.Mvc", "src\DotNetStarter.Extensions.Mvc\DotNetStarter.Extensions.Mvc.csproj", "{9504D727-FA4E-4195-9564-BE8EB915A3AF}"
EndProject
Project("{9A19103F-16F7-4668-BE54-9A1E7A4F7556}") = "DotNetStarter.Extensions.WebApi", "src\DotNetStarter.Extensions.WebApi\DotNetStarter.Extensions.WebApi.csproj", "{907C1777-AA90-4A29-94F6-0583D3AAFAF3}"
EndProject
Project("{9A19103F-16F7-4668-BE54-9A1E7A4F7556}") = "DotNetStarter.UnitTests", "tests\DotNetStarter.UnitTests\DotNetStarter.UnitTests.csproj", "{DA838510-A0D0-4537-BFE5-4DA19F4A36F7}"
EndProject
Project("{9A19103F-16F7-4668-BE54-9A1E7A4F7556}") = "DotNetStarter.OwinUnitTests", "tests\DotNetStarter.OwinUnitTests\DotNetStarter.OwinUnitTests.csproj", "{086B1949-F100-4F4C-BF23-AF76E7DCACB2}"
EndProject
Project("{9A19103F-16F7-4668-BE54-9A1E7A4F7556}") = "DotNetStarter.LocatorUnitTests.DryIoc", "tests\DotNetStarter.LocatorUnitTests.DryIoc\DotNetStarter.LocatorUnitTests.DryIoc.csproj", "{89708969-CFDD-4B7B-801E-F6A136875C2B}"
EndProject
Project("{9A19103F-16F7-4668-BE54-9A1E7A4F7556}") = "DotNetStarter.LocatorUnitTests.StructureMap", "tests\DotNetStarter.LocatorUnitTests.StructureMap\DotNetStarter.LocatorUnitTests.StructureMap.csproj", "{961B87F2-1B1A-4BCE-9E23-7308137627F1}"
EndProject
Project("{9A19103F-16F7-4668-BE54-9A1E7A4F7556}") = "DotNetStarter.WebUnitTests", "tests\DotNetStarter.WebUnitTests\DotNetStarter.WebUnitTests.csproj", "{60A9A746-6B64-496A-8D71-42D2951C316D}"
EndProject
Project("{9A19103F-16F7-4668-BE54-9A1E7A4F7556}") = "DotNetStarter.LocatorUnitTests.StructureMapSigned", "tests\DotNetStarter.LocatorUnitTests.StructureMapSigned\DotNetStarter.LocatorUnitTests.StructureMapSigned.csproj", "{539A4EDB-65C2-45E9-9C8A-F2D0C9CD9326}"
EndProject
Project("{9A19103F-16F7-4668-BE54-9A1E7A4F7556}") = "DotNetStarter.LocatorUnitTests.LightInject", "tests\DotNetStarter.LocatorUnitTests.LightInject\DotNetStarter.LocatorUnitTests.LightInject.csproj", "{E9797D0C-EF61-403B-BAD9-DAEE777DE2B7}"
EndProject
Project("{9A19103F-16F7-4668-BE54-9A1E7A4F7556}") = "DotNetStarter.Extensions.Mvc.UnitTests", "tests\DotNetStarter.Extensions.Mvc.UnitTests\DotNetStarter.Extensions.Mvc.UnitTests.csproj", "{5C68F16E-A566-423F-B803-C69DDEC7CECB}"
EndProject
Project("{9A19103F-16F7-4668-BE54-9A1E7A4F7556}") = "DotNetStarter.Extensions.WebApi.UnitTests", "tests\DotNetStarter.Extensions.WebApi.UnitTests\DotNetStarter.Extensions.WebApi.UnitTests.csproj", "{60B6C8DB-E464-425C-A2AA-638943C5163E}"
EndProject
Project("{9A19103F-16F7-4668-BE54-9A1E7A4F7556}") = "DotNetStarter.Locators.Grace", "src\DotNetStarter.Locators.Grace\DotNetStarter.Locators.Grace.csproj", "{87BA42D9-7F44-4C2E-9A19-0A000A4C09D9}"
EndProject
Project("{9A19103F-16F7-4668-BE54-9A1E7A4F7556}") = "DotNetStarter.LocatorUnitTests.Grace", "tests\DotNetStarter.LocatorUnitTests.Grace\DotNetStarter.LocatorUnitTests.Grace.csproj", "{AE33276B-4F84-40CF-88D9-BCCE459C99C1}"
EndProject
Project("{9A19103F-16F7-4668-BE54-9A1E7A4F7556}") = "DotNetStarter.Locators.Lamar", "src\DotNetStarter.Locators.Lamar\DotNetStarter.Locators.Lamar.csproj", "{F691BB29-A613-40F6-913A-63C3F4D5DA62}"
EndProject
Project("{9A19103F-16F7-4668-BE54-9A1E7A4F7556}") = "DotNetStarter.LocatorUnitTests.Lamar", "tests\DotNetStarter.LocatorUnitTests.Lamar\DotNetStarter.LocatorUnitTests.Lamar.csproj", "{F002C603-B6A4-4827-9FF4-080B62B4112F}"
EndProject
Project("{9A19103F-16F7-4668-BE54-9A1E7A4F7556}") = "DotNetStarter.Locators.Autofac", "src\DotNetStarter.Locators.Autofac\DotNetStarter.Locators.Autofac.csproj", "{F8570AA8-8D06-4B56-86CC-E417BEABAE47}"
EndProject
Project("{9A19103F-16F7-4668-BE54-9A1E7A4F7556}") = "DotNetStarter.LocatorUnitTests.Autofac", "tests\DotNetStarter.LocatorUnitTests.Autofac\DotNetStarter.LocatorUnitTests.Autofac.csproj", "{F241D65C-0687-40DD-B900-7FA6766F7719}"
EndProject
Global
	GlobalSection(SolutionConfigurationPlatforms) = preSolution
		Debug|Any CPU = Debug|Any CPU
		Release|Any CPU = Release|Any CPU
	EndGlobalSection
	GlobalSection(ProjectConfigurationPlatforms) = postSolution
		{E7196A51-5932-47EA-BE3A-F65567C9CD8B}.Debug|Any CPU.ActiveCfg = Debug|Any CPU
		{E7196A51-5932-47EA-BE3A-F65567C9CD8B}.Debug|Any CPU.Build.0 = Debug|Any CPU
		{E7196A51-5932-47EA-BE3A-F65567C9CD8B}.Release|Any CPU.ActiveCfg = Release|Any CPU
		{E7196A51-5932-47EA-BE3A-F65567C9CD8B}.Release|Any CPU.Build.0 = Release|Any CPU
		{F75A648E-8412-41FE-8C4D-D1F3178AC718}.Debug|Any CPU.ActiveCfg = Debug|Any CPU
		{F75A648E-8412-41FE-8C4D-D1F3178AC718}.Debug|Any CPU.Build.0 = Debug|Any CPU
		{F75A648E-8412-41FE-8C4D-D1F3178AC718}.Release|Any CPU.ActiveCfg = Release|Any CPU
		{F75A648E-8412-41FE-8C4D-D1F3178AC718}.Release|Any CPU.Build.0 = Release|Any CPU
		{7E4F532B-75C1-4FAD-9081-61886E29562D}.Debug|Any CPU.ActiveCfg = Debug|Any CPU
		{7E4F532B-75C1-4FAD-9081-61886E29562D}.Debug|Any CPU.Build.0 = Debug|Any CPU
		{7E4F532B-75C1-4FAD-9081-61886E29562D}.Release|Any CPU.ActiveCfg = Release|Any CPU
		{7E4F532B-75C1-4FAD-9081-61886E29562D}.Release|Any CPU.Build.0 = Release|Any CPU
		{725B781E-838A-483F-802E-C0AEAEA217CE}.Debug|Any CPU.ActiveCfg = Debug|Any CPU
		{725B781E-838A-483F-802E-C0AEAEA217CE}.Debug|Any CPU.Build.0 = Debug|Any CPU
		{725B781E-838A-483F-802E-C0AEAEA217CE}.Release|Any CPU.ActiveCfg = Release|Any CPU
		{725B781E-838A-483F-802E-C0AEAEA217CE}.Release|Any CPU.Build.0 = Release|Any CPU
		{C68C2F9D-A735-4AE7-9811-F108FA104CE7}.Debug|Any CPU.ActiveCfg = Debug|Any CPU
		{C68C2F9D-A735-4AE7-9811-F108FA104CE7}.Debug|Any CPU.Build.0 = Debug|Any CPU
		{C68C2F9D-A735-4AE7-9811-F108FA104CE7}.Release|Any CPU.ActiveCfg = Release|Any CPU
		{C68C2F9D-A735-4AE7-9811-F108FA104CE7}.Release|Any CPU.Build.0 = Release|Any CPU
		{3A3C931D-1590-4735-BE23-11859BB2A49B}.Debug|Any CPU.ActiveCfg = Debug|Any CPU
		{3A3C931D-1590-4735-BE23-11859BB2A49B}.Debug|Any CPU.Build.0 = Debug|Any CPU
		{3A3C931D-1590-4735-BE23-11859BB2A49B}.Release|Any CPU.ActiveCfg = Release|Any CPU
		{3A3C931D-1590-4735-BE23-11859BB2A49B}.Release|Any CPU.Build.0 = Release|Any CPU
		{2D5D917E-20CF-41F4-995D-7A72095025ED}.Debug|Any CPU.ActiveCfg = Debug|Any CPU
		{2D5D917E-20CF-41F4-995D-7A72095025ED}.Debug|Any CPU.Build.0 = Debug|Any CPU
		{2D5D917E-20CF-41F4-995D-7A72095025ED}.Release|Any CPU.ActiveCfg = Release|Any CPU
		{2D5D917E-20CF-41F4-995D-7A72095025ED}.Release|Any CPU.Build.0 = Release|Any CPU
		{4FEBAE7B-35C6-4FBE-AE0D-C10B24142DE7}.Debug|Any CPU.ActiveCfg = Debug|Any CPU
		{4FEBAE7B-35C6-4FBE-AE0D-C10B24142DE7}.Debug|Any CPU.Build.0 = Debug|Any CPU
		{4FEBAE7B-35C6-4FBE-AE0D-C10B24142DE7}.Release|Any CPU.ActiveCfg = Release|Any CPU
		{4FEBAE7B-35C6-4FBE-AE0D-C10B24142DE7}.Release|Any CPU.Build.0 = Release|Any CPU
		{A9A02B93-BFDA-4B29-863C-DC0625C89565}.Debug|Any CPU.ActiveCfg = Debug|Any CPU
		{A9A02B93-BFDA-4B29-863C-DC0625C89565}.Debug|Any CPU.Build.0 = Debug|Any CPU
		{A9A02B93-BFDA-4B29-863C-DC0625C89565}.Release|Any CPU.ActiveCfg = Release|Any CPU
		{A9A02B93-BFDA-4B29-863C-DC0625C89565}.Release|Any CPU.Build.0 = Release|Any CPU
		{4C3E87F3-4175-4E35-9D6E-B31796DDE1C3}.Debug|Any CPU.ActiveCfg = Debug|Any CPU
		{4C3E87F3-4175-4E35-9D6E-B31796DDE1C3}.Debug|Any CPU.Build.0 = Debug|Any CPU
		{4C3E87F3-4175-4E35-9D6E-B31796DDE1C3}.Release|Any CPU.ActiveCfg = Release|Any CPU
		{4C3E87F3-4175-4E35-9D6E-B31796DDE1C3}.Release|Any CPU.Build.0 = Release|Any CPU
		{9504D727-FA4E-4195-9564-BE8EB915A3AF}.Debug|Any CPU.ActiveCfg = Debug|Any CPU
		{9504D727-FA4E-4195-9564-BE8EB915A3AF}.Debug|Any CPU.Build.0 = Debug|Any CPU
		{9504D727-FA4E-4195-9564-BE8EB915A3AF}.Release|Any CPU.ActiveCfg = Release|Any CPU
		{9504D727-FA4E-4195-9564-BE8EB915A3AF}.Release|Any CPU.Build.0 = Release|Any CPU
		{907C1777-AA90-4A29-94F6-0583D3AAFAF3}.Debug|Any CPU.ActiveCfg = Debug|Any CPU
		{907C1777-AA90-4A29-94F6-0583D3AAFAF3}.Debug|Any CPU.Build.0 = Debug|Any CPU
		{907C1777-AA90-4A29-94F6-0583D3AAFAF3}.Release|Any CPU.ActiveCfg = Release|Any CPU
		{907C1777-AA90-4A29-94F6-0583D3AAFAF3}.Release|Any CPU.Build.0 = Release|Any CPU
		{DA838510-A0D0-4537-BFE5-4DA19F4A36F7}.Debug|Any CPU.ActiveCfg = Debug|Any CPU
		{DA838510-A0D0-4537-BFE5-4DA19F4A36F7}.Debug|Any CPU.Build.0 = Debug|Any CPU
		{DA838510-A0D0-4537-BFE5-4DA19F4A36F7}.Release|Any CPU.ActiveCfg = Release|Any CPU
		{DA838510-A0D0-4537-BFE5-4DA19F4A36F7}.Release|Any CPU.Build.0 = Release|Any CPU
		{086B1949-F100-4F4C-BF23-AF76E7DCACB2}.Debug|Any CPU.ActiveCfg = Debug|Any CPU
		{086B1949-F100-4F4C-BF23-AF76E7DCACB2}.Debug|Any CPU.Build.0 = Debug|Any CPU
		{086B1949-F100-4F4C-BF23-AF76E7DCACB2}.Release|Any CPU.ActiveCfg = Release|Any CPU
		{086B1949-F100-4F4C-BF23-AF76E7DCACB2}.Release|Any CPU.Build.0 = Release|Any CPU
		{89708969-CFDD-4B7B-801E-F6A136875C2B}.Debug|Any CPU.ActiveCfg = Debug|Any CPU
		{89708969-CFDD-4B7B-801E-F6A136875C2B}.Debug|Any CPU.Build.0 = Debug|Any CPU
		{89708969-CFDD-4B7B-801E-F6A136875C2B}.Release|Any CPU.ActiveCfg = Release|Any CPU
		{89708969-CFDD-4B7B-801E-F6A136875C2B}.Release|Any CPU.Build.0 = Release|Any CPU
		{961B87F2-1B1A-4BCE-9E23-7308137627F1}.Debug|Any CPU.ActiveCfg = Debug|Any CPU
		{961B87F2-1B1A-4BCE-9E23-7308137627F1}.Debug|Any CPU.Build.0 = Debug|Any CPU
		{961B87F2-1B1A-4BCE-9E23-7308137627F1}.Release|Any CPU.ActiveCfg = Release|Any CPU
		{961B87F2-1B1A-4BCE-9E23-7308137627F1}.Release|Any CPU.Build.0 = Release|Any CPU
		{60A9A746-6B64-496A-8D71-42D2951C316D}.Debug|Any CPU.ActiveCfg = Debug|Any CPU
		{60A9A746-6B64-496A-8D71-42D2951C316D}.Debug|Any CPU.Build.0 = Debug|Any CPU
		{60A9A746-6B64-496A-8D71-42D2951C316D}.Release|Any CPU.ActiveCfg = Release|Any CPU
		{60A9A746-6B64-496A-8D71-42D2951C316D}.Release|Any CPU.Build.0 = Release|Any CPU
		{539A4EDB-65C2-45E9-9C8A-F2D0C9CD9326}.Debug|Any CPU.ActiveCfg = Debug|Any CPU
		{539A4EDB-65C2-45E9-9C8A-F2D0C9CD9326}.Debug|Any CPU.Build.0 = Debug|Any CPU
		{539A4EDB-65C2-45E9-9C8A-F2D0C9CD9326}.Release|Any CPU.ActiveCfg = Release|Any CPU
		{539A4EDB-65C2-45E9-9C8A-F2D0C9CD9326}.Release|Any CPU.Build.0 = Release|Any CPU
		{E9797D0C-EF61-403B-BAD9-DAEE777DE2B7}.Debug|Any CPU.ActiveCfg = Debug|Any CPU
		{E9797D0C-EF61-403B-BAD9-DAEE777DE2B7}.Debug|Any CPU.Build.0 = Debug|Any CPU
		{E9797D0C-EF61-403B-BAD9-DAEE777DE2B7}.Release|Any CPU.ActiveCfg = Release|Any CPU
		{E9797D0C-EF61-403B-BAD9-DAEE777DE2B7}.Release|Any CPU.Build.0 = Release|Any CPU
		{5C68F16E-A566-423F-B803-C69DDEC7CECB}.Debug|Any CPU.ActiveCfg = Debug|Any CPU
		{5C68F16E-A566-423F-B803-C69DDEC7CECB}.Debug|Any CPU.Build.0 = Debug|Any CPU
		{5C68F16E-A566-423F-B803-C69DDEC7CECB}.Release|Any CPU.ActiveCfg = Release|Any CPU
		{5C68F16E-A566-423F-B803-C69DDEC7CECB}.Release|Any CPU.Build.0 = Release|Any CPU
		{60B6C8DB-E464-425C-A2AA-638943C5163E}.Debug|Any CPU.ActiveCfg = Debug|Any CPU
		{60B6C8DB-E464-425C-A2AA-638943C5163E}.Debug|Any CPU.Build.0 = Debug|Any CPU
		{60B6C8DB-E464-425C-A2AA-638943C5163E}.Release|Any CPU.ActiveCfg = Release|Any CPU
		{60B6C8DB-E464-425C-A2AA-638943C5163E}.Release|Any CPU.Build.0 = Release|Any CPU
		{87BA42D9-7F44-4C2E-9A19-0A000A4C09D9}.Debug|Any CPU.ActiveCfg = Debug|Any CPU
		{87BA42D9-7F44-4C2E-9A19-0A000A4C09D9}.Debug|Any CPU.Build.0 = Debug|Any CPU
		{87BA42D9-7F44-4C2E-9A19-0A000A4C09D9}.Release|Any CPU.ActiveCfg = Release|Any CPU
		{87BA42D9-7F44-4C2E-9A19-0A000A4C09D9}.Release|Any CPU.Build.0 = Release|Any CPU
		{AE33276B-4F84-40CF-88D9-BCCE459C99C1}.Debug|Any CPU.ActiveCfg = Debug|Any CPU
		{AE33276B-4F84-40CF-88D9-BCCE459C99C1}.Debug|Any CPU.Build.0 = Debug|Any CPU
		{AE33276B-4F84-40CF-88D9-BCCE459C99C1}.Release|Any CPU.ActiveCfg = Release|Any CPU
		{AE33276B-4F84-40CF-88D9-BCCE459C99C1}.Release|Any CPU.Build.0 = Release|Any CPU
		{F691BB29-A613-40F6-913A-63C3F4D5DA62}.Debug|Any CPU.ActiveCfg = Debug|Any CPU
		{F691BB29-A613-40F6-913A-63C3F4D5DA62}.Debug|Any CPU.Build.0 = Debug|Any CPU
		{F691BB29-A613-40F6-913A-63C3F4D5DA62}.Release|Any CPU.ActiveCfg = Release|Any CPU
		{F691BB29-A613-40F6-913A-63C3F4D5DA62}.Release|Any CPU.Build.0 = Release|Any CPU
		{F002C603-B6A4-4827-9FF4-080B62B4112F}.Debug|Any CPU.ActiveCfg = Debug|Any CPU
		{F002C603-B6A4-4827-9FF4-080B62B4112F}.Debug|Any CPU.Build.0 = Debug|Any CPU
		{F002C603-B6A4-4827-9FF4-080B62B4112F}.Release|Any CPU.ActiveCfg = Release|Any CPU
		{F002C603-B6A4-4827-9FF4-080B62B4112F}.Release|Any CPU.Build.0 = Release|Any CPU
		{F8570AA8-8D06-4B56-86CC-E417BEABAE47}.Debug|Any CPU.ActiveCfg = Debug|Any CPU
		{F8570AA8-8D06-4B56-86CC-E417BEABAE47}.Debug|Any CPU.Build.0 = Debug|Any CPU
		{F8570AA8-8D06-4B56-86CC-E417BEABAE47}.Release|Any CPU.ActiveCfg = Release|Any CPU
		{F8570AA8-8D06-4B56-86CC-E417BEABAE47}.Release|Any CPU.Build.0 = Release|Any CPU
		{F241D65C-0687-40DD-B900-7FA6766F7719}.Debug|Any CPU.ActiveCfg = Debug|Any CPU
		{F241D65C-0687-40DD-B900-7FA6766F7719}.Debug|Any CPU.Build.0 = Debug|Any CPU
		{F241D65C-0687-40DD-B900-7FA6766F7719}.Release|Any CPU.ActiveCfg = Release|Any CPU
		{F241D65C-0687-40DD-B900-7FA6766F7719}.Release|Any CPU.Build.0 = Release|Any CPU
	EndGlobalSection
	GlobalSection(SolutionProperties) = preSolution
		HideSolutionNode = FALSE
	EndGlobalSection
	GlobalSection(NestedProjects) = preSolution
		{3A3C931D-1590-4735-BE23-11859BB2A49B} = {FC53A6BC-F55F-42E8-A855-D0E955D3C79B}
		{2D5D917E-20CF-41F4-995D-7A72095025ED} = {FC53A6BC-F55F-42E8-A855-D0E955D3C79B}
		{4FEBAE7B-35C6-4FBE-AE0D-C10B24142DE7} = {FC53A6BC-F55F-42E8-A855-D0E955D3C79B}
		{A9A02B93-BFDA-4B29-863C-DC0625C89565} = {FC53A6BC-F55F-42E8-A855-D0E955D3C79B}
		{4C3E87F3-4175-4E35-9D6E-B31796DDE1C3} = {8A8DF2AE-D820-4CDB-BB3F-0A41C982FB53}
		{9504D727-FA4E-4195-9564-BE8EB915A3AF} = {0E2C2FB2-59F2-41B6-88E5-BA65ACD0A29A}
		{907C1777-AA90-4A29-94F6-0583D3AAFAF3} = {0E2C2FB2-59F2-41B6-88E5-BA65ACD0A29A}
		{DA838510-A0D0-4537-BFE5-4DA19F4A36F7} = {8A8DF2AE-D820-4CDB-BB3F-0A41C982FB53}
		{086B1949-F100-4F4C-BF23-AF76E7DCACB2} = {8A8DF2AE-D820-4CDB-BB3F-0A41C982FB53}
		{89708969-CFDD-4B7B-801E-F6A136875C2B} = {8A8DF2AE-D820-4CDB-BB3F-0A41C982FB53}
		{961B87F2-1B1A-4BCE-9E23-7308137627F1} = {8A8DF2AE-D820-4CDB-BB3F-0A41C982FB53}
		{60A9A746-6B64-496A-8D71-42D2951C316D} = {8A8DF2AE-D820-4CDB-BB3F-0A41C982FB53}
		{539A4EDB-65C2-45E9-9C8A-F2D0C9CD9326} = {8A8DF2AE-D820-4CDB-BB3F-0A41C982FB53}
		{E9797D0C-EF61-403B-BAD9-DAEE777DE2B7} = {8A8DF2AE-D820-4CDB-BB3F-0A41C982FB53}
		{5C68F16E-A566-423F-B803-C69DDEC7CECB} = {8A8DF2AE-D820-4CDB-BB3F-0A41C982FB53}
		{60B6C8DB-E464-425C-A2AA-638943C5163E} = {8A8DF2AE-D820-4CDB-BB3F-0A41C982FB53}
		{87BA42D9-7F44-4C2E-9A19-0A000A4C09D9} = {FC53A6BC-F55F-42E8-A855-D0E955D3C79B}
		{AE33276B-4F84-40CF-88D9-BCCE459C99C1} = {8A8DF2AE-D820-4CDB-BB3F-0A41C982FB53}
		{F691BB29-A613-40F6-913A-63C3F4D5DA62} = {FC53A6BC-F55F-42E8-A855-D0E955D3C79B}
		{F002C603-B6A4-4827-9FF4-080B62B4112F} = {8A8DF2AE-D820-4CDB-BB3F-0A41C982FB53}
		{F8570AA8-8D06-4B56-86CC-E417BEABAE47} = {FC53A6BC-F55F-42E8-A855-D0E955D3C79B}
		{F241D65C-0687-40DD-B900-7FA6766F7719} = {8A8DF2AE-D820-4CDB-BB3F-0A41C982FB53}
	EndGlobalSection
	GlobalSection(ExtensibilityGlobals) = postSolution
		SolutionGuid = {FF3D216A-6303-4C08-8210-9B458DAC339C}
	EndGlobalSection
EndGlobal
