
Microsoft Visual Studio Solution File, Format Version 12.00
# Visual Studio 15
VisualStudioVersion = 15.0.26020.0
MinimumVisualStudioVersion = 10.0.40219.1
Project("{2150E333-8FDC-42A3-9474-1A3956D46DE8}") = "net40", "net40", "{A012A1E6-E13E-4736-877B-D1C8DCC2AAC1}"
EndProject
Project("{2150E333-8FDC-42A3-9474-1A3956D46DE8}") = "net45", "net45", "{BCE220F9-161D-44F5-8452-DC4366040E28}"
EndProject
Project("{2150E333-8FDC-42A3-9474-1A3956D46DE8}") = "netstandard1.3", "netstandard1.3", "{BD9996A4-9087-4ED8-B3F6-541FE7722C1D}"
EndProject
Project("{2150E333-8FDC-42A3-9474-1A3956D46DE8}") = ".git", ".git", "{90F6AC8D-CCBC-4EB1-A448-6C931901B985}"
	ProjectSection(SolutionItems) = preProject
		.gitattributes = .gitattributes
		.gitignore = .gitignore
		appveyor.yml = appveyor.yml
		license.txt = license.txt
		.nuget\pack.ps1 = .nuget\pack.ps1
		readme.md = readme.md
		.nuget\setVersion.ps1 = .nuget\setVersion.ps1
	EndProjectSection
EndProject
Project("{2150E333-8FDC-42A3-9474-1A3956D46DE8}") = ".nuget", ".nuget", "{2448A5B1-BEF2-4D5A-8EFB-EF2ACE181BFE}"
	ProjectSection(SolutionItems) = preProject
		.nuget\NuGet.Config = .nuget\NuGet.Config
	EndProjectSection
EndProject
Project("{FAE04EC0-301F-11D3-BF4B-00C04F79EFBC}") = "DotNetStarter", "src\DotNetStarter\DotNetStarter.csproj", "{BA813DC5-D696-461D-8E62-F04FCD669ADB}"
EndProject
Project("{FAE04EC0-301F-11D3-BF4B-00C04F79EFBC}") = "DotNetStarter", "net40\DotNetStarter\DotNetStarter.csproj", "{E4771522-237A-47CD-8548-BA9579CC4F55}"
EndProject
Project("{FAE04EC0-301F-11D3-BF4B-00C04F79EFBC}") = "DotNetStarter", "net45\DotNetStarter\DotNetStarter.csproj", "{EFB4FEC6-B464-42E0-9D69-14178E82C922}"
EndProject
Project("{FAE04EC0-301F-11D3-BF4B-00C04F79EFBC}") = "DotNetStarter.DryIoc", "src\DotNetStarter.DryIoc\DotNetStarter.DryIoc.csproj", "{5A668531-C45D-45F6-8BBC-C2C924A8B237}"
EndProject
Project("{FAE04EC0-301F-11D3-BF4B-00C04F79EFBC}") = "DotNetStarter.DryIoc", "net40\DotNetStarter.DryIoc\DotNetStarter.DryIoc.csproj", "{5D56CAF5-10C2-4D1E-991A-3D1178BEE6E3}"
EndProject
Project("{FAE04EC0-301F-11D3-BF4B-00C04F79EFBC}") = "DotNetStarter.DryIoc", "net45\DotNetStarter.DryIoc\DotNetStarter.DryIoc.csproj", "{2BAC4235-8547-4D91-AF18-040E851D4AD9}"
EndProject
Project("{FAE04EC0-301F-11D3-BF4B-00C04F79EFBC}") = "DotNetStarter.Web", "src\DotNetStarter.Web\DotNetStarter.Web.csproj", "{51E722E9-62AC-46C7-87B2-0F1A9D647CC2}"
EndProject
Project("{FAE04EC0-301F-11D3-BF4B-00C04F79EFBC}") = "DotNetStarter.StructureMap", "src\DotNetStarter.StructureMap\DotNetStarter.StructureMap.csproj", "{B9852D14-EC6F-47FB-888C-75C238BC9A06}"
EndProject
Project("{FAE04EC0-301F-11D3-BF4B-00C04F79EFBC}") = "DotNetStarter.StructureMap", "net40\DotNetStarter.StructureMap\DotNetStarter.StructureMap.csproj", "{3A259846-848F-40C9-9443-D2A4817CA6E2}"
EndProject
Project("{FAE04EC0-301F-11D3-BF4B-00C04F79EFBC}") = "DotNetStarter.StructureMap", "net45\DotNetStarter.StructureMap\DotNetStarter.StructureMap.csproj", "{7676F453-2577-4221-BF4B-9D1C9A48837C}"
EndProject
Project("{2150E333-8FDC-42A3-9474-1A3956D46DE8}") = "tests", "tests", "{8A8DF2AE-D820-4CDB-BB3F-0A41C982FB53}"
EndProject
Project("{FAE04EC0-301F-11D3-BF4B-00C04F79EFBC}") = "DotNetStarter.StructureMap.Tests", "tests\DotNetStarter.StructureMap.Tests\DotNetStarter.StructureMap.Tests.csproj", "{C43106FA-20E7-4730-A21C-863F0A1FFF36}"
EndProject
Project("{FAE04EC0-301F-11D3-BF4B-00C04F79EFBC}") = "DotNetStarter.DryIoc.Tests", "tests\DotNetStarter.DryIoc.Tests\DotNetStarter.DryIoc.Tests.csproj", "{8A4FFC26-18D3-4A36-ADDA-E2A927D4E45A}"
EndProject
Project("{FAE04EC0-301F-11D3-BF4B-00C04F79EFBC}") = "DotNetStarter.Tests", "tests\DotNetStarter.Tests\DotNetStarter.Tests.csproj", "{1B53A02A-2796-48AF-8995-D62B8E856DDA}"
EndProject
Project("{FAE04EC0-301F-11D3-BF4B-00C04F79EFBC}") = "DotNetStarter.Tests.Net40", "tests\DotNetStarter.Tests.Net40\DotNetStarter.Tests.Net40.csproj", "{079AE087-9107-4F47-84A7-B8A3D86C8882}"
EndProject
Project("{FAE04EC0-301F-11D3-BF4B-00C04F79EFBC}") = "DotNetStarter.Tests.Net45", "tests\DotNetStarter.Tests.Net45\DotNetStarter.Tests.Net45.csproj", "{C48F65C0-E811-4C3F-988A-4E58BF7FE1D1}"
EndProject
Project("{FAE04EC0-301F-11D3-BF4B-00C04F79EFBC}") = "DotNetStarter.Tests.Netstandard1.3", "tests\DotNetStarter.Tests.Netstandard1.3\DotNetStarter.Tests.Netstandard1.3.csproj", "{0C2F75DB-7CC7-48DD-9389-1B1F8D3119D2}"
EndProject
Project("{FAE04EC0-301F-11D3-BF4B-00C04F79EFBC}") = "DotNetStarter.DryIoc.Tests.Net40", "tests\DotNetStarter.DryIoc.Tests.Net40\DotNetStarter.DryIoc.Tests.Net40.csproj", "{2A132730-4B9F-483E-89FB-D13AC6427E06}"
EndProject
Project("{FAE04EC0-301F-11D3-BF4B-00C04F79EFBC}") = "DotNetStarter.DryIoc.Tests.Net45", "tests\DotNetStarter.DryIoc.Tests.Net45\DotNetStarter.DryIoc.Tests.Net45.csproj", "{95299793-D6E1-430A-9EEC-F53BEECD553B}"
EndProject
Project("{FAE04EC0-301F-11D3-BF4B-00C04F79EFBC}") = "DotNetStarter.DryIoc.Tests.Netstandard1.3", "tests\DotNetStarter.DryIocTests.Netstandard1.3\DotNetStarter.DryIoc.Tests.Netstandard1.3.csproj", "{9B472FA9-370E-426E-8828-AB5267D8BDA7}"
EndProject
Project("{FAE04EC0-301F-11D3-BF4B-00C04F79EFBC}") = "DotNetStarter.StructureMap.Tests.Net40", "tests\DotNetStarter.StructureMap.Tests.Net40\DotNetStarter.StructureMap.Tests.Net40.csproj", "{E565844E-835F-4DC9-9126-C6B961A62D03}"
EndProject
Project("{FAE04EC0-301F-11D3-BF4B-00C04F79EFBC}") = "DotNetStarter.StructureMap.Tests.Net45", "tests\DotNetStarter.StructureMap.Tests.Net45\DotNetStarter.StructureMap.Tests.Net45.csproj", "{5378CEF1-A29E-4756-820C-CAA0F0F0BE62}"
EndProject
Project("{FAE04EC0-301F-11D3-BF4B-00C04F79EFBC}") = "DotNetStarter.StructureMap.Tests.Netstandard1.3", "tests\DotNetStarter.StructureMapTests.Netstandard1.3\DotNetStarter.StructureMap.Tests.Netstandard1.3.csproj", "{B05360EE-2966-4271-9644-84F6EA97080C}"
EndProject
Project("{FAE04EC0-301F-11D3-BF4B-00C04F79EFBC}") = "DotNetStarter.Web", "net40\DotNetStarter.Web\DotNetStarter.Web.csproj", "{2AEA95DD-8C65-40E3-8AB3-74A27516D90C}"
EndProject
Project("{FAE04EC0-301F-11D3-BF4B-00C04F79EFBC}") = "DotNetStarter.Web", "net45\DotNetStarter.Web\DotNetStarter.Web.csproj", "{F0727E79-531E-476B-A403-8D9ADF420499}"
EndProject
Project("{2150E333-8FDC-42A3-9474-1A3956D46DE8}") = "docs", "docs", "{C36723A8-BC99-4F64-9ECA-854BAFF42C04}"
	ProjectSection(SolutionItems) = preProject
		docs\_config.yml = docs\_config.yml
		docs\custom-locator.md = docs\custom-locator.md
		docs\index.md = docs\index.md
		docs\known-issues.md = docs\known-issues.md
		docs\modules.md = docs\modules.md
		docs\register.md = docs\register.md
		docs\scanning.md = docs\scanning.md
		docs\scoped-locator.md = docs\scoped-locator.md
	EndProjectSection
EndProject
Project("{FAE04EC0-301F-11D3-BF4B-00C04F79EFBC}") = "DotNetStarter.Owin", "net45\DotNetStarter.Owin\DotNetStarter.Owin.csproj", "{8770811C-EB67-41B2-AE93-55CC50882CA0}"
EndProject
Project("{FAE04EC0-301F-11D3-BF4B-00C04F79EFBC}") = "DotnetStarter.Owin.Tests", "tests\DotnetStarter.Owin.Tests\DotnetStarter.Owin.Tests.csproj", "{21FDF613-9750-4B07-ACC6-5B39F057CE0A}"
EndProject
Project("{FAE04EC0-301F-11D3-BF4B-00C04F79EFBC}") = "DotnetStarter.Owin", "netstandard1.3\DotnetStarter.Owin\DotnetStarter.Owin.csproj", "{558357B7-70C6-4347-8FDC-DB9818C53A5A}"
EndProject
Project("{FAE04EC0-301F-11D3-BF4B-00C04F79EFBC}") = "DotNetStarter", "netstandard1.3\DotNetStarter\DotNetStarter.csproj", "{17DD8CBF-62B6-42E5-9E38-2AE4A630A97F}"
EndProject
Project("{FAE04EC0-301F-11D3-BF4B-00C04F79EFBC}") = "DotNetStarter.DryIoc", "netstandard1.3\DotNetStarter.DryIoc\DotNetStarter.DryIoc.csproj", "{6AE866E1-054C-4470-95D0-3EC06E3A7486}"
EndProject
Project("{FAE04EC0-301F-11D3-BF4B-00C04F79EFBC}") = "DotNetStarter.StructureMap", "netstandard1.3\DotNetStarter.StructureMap\DotNetStarter.StructureMap.csproj", "{1D13AD2F-8490-4E6A-86E6-A6722CB32B5A}"
EndProject
Project("{FAE04EC0-301F-11D3-BF4B-00C04F79EFBC}") = "DotNetStarter.Web", "netstandard1.3\DotNetStarter.Web\DotNetStarter.Web.csproj", "{35871841-F988-4534-81D4-07C4B28F07A2}"
EndProject
Global
	GlobalSection(SolutionConfigurationPlatforms) = preSolution
		Debug|Any CPU = Debug|Any CPU
		Release|Any CPU = Release|Any CPU
	EndGlobalSection
	GlobalSection(ProjectConfigurationPlatforms) = postSolution
		{BA813DC5-D696-461D-8E62-F04FCD669ADB}.Debug|Any CPU.ActiveCfg = Debug|Any CPU
		{BA813DC5-D696-461D-8E62-F04FCD669ADB}.Debug|Any CPU.Build.0 = Debug|Any CPU
		{BA813DC5-D696-461D-8E62-F04FCD669ADB}.Release|Any CPU.ActiveCfg = Release|Any CPU
		{BA813DC5-D696-461D-8E62-F04FCD669ADB}.Release|Any CPU.Build.0 = Release|Any CPU
		{E4771522-237A-47CD-8548-BA9579CC4F55}.Debug|Any CPU.ActiveCfg = Debug|Any CPU
		{E4771522-237A-47CD-8548-BA9579CC4F55}.Debug|Any CPU.Build.0 = Debug|Any CPU
		{E4771522-237A-47CD-8548-BA9579CC4F55}.Release|Any CPU.ActiveCfg = Release|Any CPU
		{E4771522-237A-47CD-8548-BA9579CC4F55}.Release|Any CPU.Build.0 = Release|Any CPU
		{EFB4FEC6-B464-42E0-9D69-14178E82C922}.Debug|Any CPU.ActiveCfg = Debug|Any CPU
		{EFB4FEC6-B464-42E0-9D69-14178E82C922}.Debug|Any CPU.Build.0 = Debug|Any CPU
		{EFB4FEC6-B464-42E0-9D69-14178E82C922}.Release|Any CPU.ActiveCfg = Release|Any CPU
		{EFB4FEC6-B464-42E0-9D69-14178E82C922}.Release|Any CPU.Build.0 = Release|Any CPU
		{5A668531-C45D-45F6-8BBC-C2C924A8B237}.Debug|Any CPU.ActiveCfg = Debug|Any CPU
		{5A668531-C45D-45F6-8BBC-C2C924A8B237}.Debug|Any CPU.Build.0 = Debug|Any CPU
		{5A668531-C45D-45F6-8BBC-C2C924A8B237}.Release|Any CPU.ActiveCfg = Release|Any CPU
		{5A668531-C45D-45F6-8BBC-C2C924A8B237}.Release|Any CPU.Build.0 = Release|Any CPU
		{5D56CAF5-10C2-4D1E-991A-3D1178BEE6E3}.Debug|Any CPU.ActiveCfg = Debug|Any CPU
		{5D56CAF5-10C2-4D1E-991A-3D1178BEE6E3}.Debug|Any CPU.Build.0 = Debug|Any CPU
		{5D56CAF5-10C2-4D1E-991A-3D1178BEE6E3}.Release|Any CPU.ActiveCfg = Release|Any CPU
		{5D56CAF5-10C2-4D1E-991A-3D1178BEE6E3}.Release|Any CPU.Build.0 = Release|Any CPU
		{2BAC4235-8547-4D91-AF18-040E851D4AD9}.Debug|Any CPU.ActiveCfg = Debug|Any CPU
		{2BAC4235-8547-4D91-AF18-040E851D4AD9}.Debug|Any CPU.Build.0 = Debug|Any CPU
		{2BAC4235-8547-4D91-AF18-040E851D4AD9}.Release|Any CPU.ActiveCfg = Release|Any CPU
		{2BAC4235-8547-4D91-AF18-040E851D4AD9}.Release|Any CPU.Build.0 = Release|Any CPU
		{51E722E9-62AC-46C7-87B2-0F1A9D647CC2}.Debug|Any CPU.ActiveCfg = Debug|Any CPU
		{51E722E9-62AC-46C7-87B2-0F1A9D647CC2}.Debug|Any CPU.Build.0 = Debug|Any CPU
		{51E722E9-62AC-46C7-87B2-0F1A9D647CC2}.Release|Any CPU.ActiveCfg = Release|Any CPU
		{51E722E9-62AC-46C7-87B2-0F1A9D647CC2}.Release|Any CPU.Build.0 = Release|Any CPU
		{B9852D14-EC6F-47FB-888C-75C238BC9A06}.Debug|Any CPU.ActiveCfg = Debug|Any CPU
		{B9852D14-EC6F-47FB-888C-75C238BC9A06}.Debug|Any CPU.Build.0 = Debug|Any CPU
		{B9852D14-EC6F-47FB-888C-75C238BC9A06}.Release|Any CPU.ActiveCfg = Release|Any CPU
		{B9852D14-EC6F-47FB-888C-75C238BC9A06}.Release|Any CPU.Build.0 = Release|Any CPU
		{3A259846-848F-40C9-9443-D2A4817CA6E2}.Debug|Any CPU.ActiveCfg = Debug|Any CPU
		{3A259846-848F-40C9-9443-D2A4817CA6E2}.Debug|Any CPU.Build.0 = Debug|Any CPU
		{3A259846-848F-40C9-9443-D2A4817CA6E2}.Release|Any CPU.ActiveCfg = Release|Any CPU
		{3A259846-848F-40C9-9443-D2A4817CA6E2}.Release|Any CPU.Build.0 = Release|Any CPU
		{7676F453-2577-4221-BF4B-9D1C9A48837C}.Debug|Any CPU.ActiveCfg = Debug|Any CPU
		{7676F453-2577-4221-BF4B-9D1C9A48837C}.Debug|Any CPU.Build.0 = Debug|Any CPU
		{7676F453-2577-4221-BF4B-9D1C9A48837C}.Release|Any CPU.ActiveCfg = Release|Any CPU
		{7676F453-2577-4221-BF4B-9D1C9A48837C}.Release|Any CPU.Build.0 = Release|Any CPU
		{C43106FA-20E7-4730-A21C-863F0A1FFF36}.Debug|Any CPU.ActiveCfg = Debug|Any CPU
		{C43106FA-20E7-4730-A21C-863F0A1FFF36}.Debug|Any CPU.Build.0 = Debug|Any CPU
		{C43106FA-20E7-4730-A21C-863F0A1FFF36}.Release|Any CPU.ActiveCfg = Release|Any CPU
		{C43106FA-20E7-4730-A21C-863F0A1FFF36}.Release|Any CPU.Build.0 = Release|Any CPU
		{8A4FFC26-18D3-4A36-ADDA-E2A927D4E45A}.Debug|Any CPU.ActiveCfg = Debug|Any CPU
		{8A4FFC26-18D3-4A36-ADDA-E2A927D4E45A}.Debug|Any CPU.Build.0 = Debug|Any CPU
		{8A4FFC26-18D3-4A36-ADDA-E2A927D4E45A}.Release|Any CPU.ActiveCfg = Release|Any CPU
		{8A4FFC26-18D3-4A36-ADDA-E2A927D4E45A}.Release|Any CPU.Build.0 = Release|Any CPU
		{1B53A02A-2796-48AF-8995-D62B8E856DDA}.Debug|Any CPU.ActiveCfg = Debug|Any CPU
		{1B53A02A-2796-48AF-8995-D62B8E856DDA}.Debug|Any CPU.Build.0 = Debug|Any CPU
		{1B53A02A-2796-48AF-8995-D62B8E856DDA}.Release|Any CPU.ActiveCfg = Release|Any CPU
		{1B53A02A-2796-48AF-8995-D62B8E856DDA}.Release|Any CPU.Build.0 = Release|Any CPU
		{079AE087-9107-4F47-84A7-B8A3D86C8882}.Debug|Any CPU.ActiveCfg = Debug|Any CPU
		{079AE087-9107-4F47-84A7-B8A3D86C8882}.Debug|Any CPU.Build.0 = Debug|Any CPU
		{079AE087-9107-4F47-84A7-B8A3D86C8882}.Release|Any CPU.ActiveCfg = Release|Any CPU
		{079AE087-9107-4F47-84A7-B8A3D86C8882}.Release|Any CPU.Build.0 = Release|Any CPU
		{C48F65C0-E811-4C3F-988A-4E58BF7FE1D1}.Debug|Any CPU.ActiveCfg = Debug|Any CPU
		{C48F65C0-E811-4C3F-988A-4E58BF7FE1D1}.Debug|Any CPU.Build.0 = Debug|Any CPU
		{C48F65C0-E811-4C3F-988A-4E58BF7FE1D1}.Release|Any CPU.ActiveCfg = Release|Any CPU
		{C48F65C0-E811-4C3F-988A-4E58BF7FE1D1}.Release|Any CPU.Build.0 = Release|Any CPU
		{0C2F75DB-7CC7-48DD-9389-1B1F8D3119D2}.Debug|Any CPU.ActiveCfg = Debug|Any CPU
		{0C2F75DB-7CC7-48DD-9389-1B1F8D3119D2}.Debug|Any CPU.Build.0 = Debug|Any CPU
		{0C2F75DB-7CC7-48DD-9389-1B1F8D3119D2}.Release|Any CPU.ActiveCfg = Release|Any CPU
		{0C2F75DB-7CC7-48DD-9389-1B1F8D3119D2}.Release|Any CPU.Build.0 = Release|Any CPU
		{2A132730-4B9F-483E-89FB-D13AC6427E06}.Debug|Any CPU.ActiveCfg = Debug|Any CPU
		{2A132730-4B9F-483E-89FB-D13AC6427E06}.Debug|Any CPU.Build.0 = Debug|Any CPU
		{2A132730-4B9F-483E-89FB-D13AC6427E06}.Release|Any CPU.ActiveCfg = Release|Any CPU
		{2A132730-4B9F-483E-89FB-D13AC6427E06}.Release|Any CPU.Build.0 = Release|Any CPU
		{95299793-D6E1-430A-9EEC-F53BEECD553B}.Debug|Any CPU.ActiveCfg = Debug|Any CPU
		{95299793-D6E1-430A-9EEC-F53BEECD553B}.Debug|Any CPU.Build.0 = Debug|Any CPU
		{95299793-D6E1-430A-9EEC-F53BEECD553B}.Release|Any CPU.ActiveCfg = Release|Any CPU
		{95299793-D6E1-430A-9EEC-F53BEECD553B}.Release|Any CPU.Build.0 = Release|Any CPU
		{9B472FA9-370E-426E-8828-AB5267D8BDA7}.Debug|Any CPU.ActiveCfg = Debug|Any CPU
		{9B472FA9-370E-426E-8828-AB5267D8BDA7}.Debug|Any CPU.Build.0 = Debug|Any CPU
		{9B472FA9-370E-426E-8828-AB5267D8BDA7}.Release|Any CPU.ActiveCfg = Release|Any CPU
		{9B472FA9-370E-426E-8828-AB5267D8BDA7}.Release|Any CPU.Build.0 = Release|Any CPU
		{E565844E-835F-4DC9-9126-C6B961A62D03}.Debug|Any CPU.ActiveCfg = Debug|Any CPU
		{E565844E-835F-4DC9-9126-C6B961A62D03}.Debug|Any CPU.Build.0 = Debug|Any CPU
		{E565844E-835F-4DC9-9126-C6B961A62D03}.Release|Any CPU.ActiveCfg = Release|Any CPU
		{E565844E-835F-4DC9-9126-C6B961A62D03}.Release|Any CPU.Build.0 = Release|Any CPU
		{5378CEF1-A29E-4756-820C-CAA0F0F0BE62}.Debug|Any CPU.ActiveCfg = Debug|Any CPU
		{5378CEF1-A29E-4756-820C-CAA0F0F0BE62}.Debug|Any CPU.Build.0 = Debug|Any CPU
		{5378CEF1-A29E-4756-820C-CAA0F0F0BE62}.Release|Any CPU.ActiveCfg = Release|Any CPU
		{5378CEF1-A29E-4756-820C-CAA0F0F0BE62}.Release|Any CPU.Build.0 = Release|Any CPU
		{B05360EE-2966-4271-9644-84F6EA97080C}.Debug|Any CPU.ActiveCfg = Debug|Any CPU
		{B05360EE-2966-4271-9644-84F6EA97080C}.Debug|Any CPU.Build.0 = Debug|Any CPU
		{B05360EE-2966-4271-9644-84F6EA97080C}.Release|Any CPU.ActiveCfg = Release|Any CPU
		{B05360EE-2966-4271-9644-84F6EA97080C}.Release|Any CPU.Build.0 = Release|Any CPU
		{2AEA95DD-8C65-40E3-8AB3-74A27516D90C}.Debug|Any CPU.ActiveCfg = Debug|Any CPU
		{2AEA95DD-8C65-40E3-8AB3-74A27516D90C}.Debug|Any CPU.Build.0 = Debug|Any CPU
		{2AEA95DD-8C65-40E3-8AB3-74A27516D90C}.Release|Any CPU.ActiveCfg = Release|Any CPU
		{2AEA95DD-8C65-40E3-8AB3-74A27516D90C}.Release|Any CPU.Build.0 = Release|Any CPU
		{F0727E79-531E-476B-A403-8D9ADF420499}.Debug|Any CPU.ActiveCfg = Debug|Any CPU
		{F0727E79-531E-476B-A403-8D9ADF420499}.Debug|Any CPU.Build.0 = Debug|Any CPU
		{F0727E79-531E-476B-A403-8D9ADF420499}.Release|Any CPU.ActiveCfg = Release|Any CPU
		{F0727E79-531E-476B-A403-8D9ADF420499}.Release|Any CPU.Build.0 = Release|Any CPU
		{8770811C-EB67-41B2-AE93-55CC50882CA0}.Debug|Any CPU.ActiveCfg = Debug|Any CPU
		{8770811C-EB67-41B2-AE93-55CC50882CA0}.Debug|Any CPU.Build.0 = Debug|Any CPU
		{8770811C-EB67-41B2-AE93-55CC50882CA0}.Release|Any CPU.ActiveCfg = Release|Any CPU
		{8770811C-EB67-41B2-AE93-55CC50882CA0}.Release|Any CPU.Build.0 = Release|Any CPU
		{21FDF613-9750-4B07-ACC6-5B39F057CE0A}.Debug|Any CPU.ActiveCfg = Debug|Any CPU
		{21FDF613-9750-4B07-ACC6-5B39F057CE0A}.Debug|Any CPU.Build.0 = Debug|Any CPU
		{21FDF613-9750-4B07-ACC6-5B39F057CE0A}.Release|Any CPU.ActiveCfg = Release|Any CPU
		{21FDF613-9750-4B07-ACC6-5B39F057CE0A}.Release|Any CPU.Build.0 = Release|Any CPU
		{558357B7-70C6-4347-8FDC-DB9818C53A5A}.Debug|Any CPU.ActiveCfg = Debug|Any CPU
		{558357B7-70C6-4347-8FDC-DB9818C53A5A}.Debug|Any CPU.Build.0 = Debug|Any CPU
		{558357B7-70C6-4347-8FDC-DB9818C53A5A}.Release|Any CPU.ActiveCfg = Release|Any CPU
		{558357B7-70C6-4347-8FDC-DB9818C53A5A}.Release|Any CPU.Build.0 = Release|Any CPU
		{17DD8CBF-62B6-42E5-9E38-2AE4A630A97F}.Debug|Any CPU.ActiveCfg = Debug|Any CPU
		{17DD8CBF-62B6-42E5-9E38-2AE4A630A97F}.Debug|Any CPU.Build.0 = Debug|Any CPU
		{17DD8CBF-62B6-42E5-9E38-2AE4A630A97F}.Release|Any CPU.ActiveCfg = Release|Any CPU
		{17DD8CBF-62B6-42E5-9E38-2AE4A630A97F}.Release|Any CPU.Build.0 = Release|Any CPU
		{6AE866E1-054C-4470-95D0-3EC06E3A7486}.Debug|Any CPU.ActiveCfg = Debug|Any CPU
		{6AE866E1-054C-4470-95D0-3EC06E3A7486}.Debug|Any CPU.Build.0 = Debug|Any CPU
		{6AE866E1-054C-4470-95D0-3EC06E3A7486}.Release|Any CPU.ActiveCfg = Release|Any CPU
		{6AE866E1-054C-4470-95D0-3EC06E3A7486}.Release|Any CPU.Build.0 = Release|Any CPU
		{1D13AD2F-8490-4E6A-86E6-A6722CB32B5A}.Debug|Any CPU.ActiveCfg = Debug|Any CPU
		{1D13AD2F-8490-4E6A-86E6-A6722CB32B5A}.Debug|Any CPU.Build.0 = Debug|Any CPU
		{1D13AD2F-8490-4E6A-86E6-A6722CB32B5A}.Release|Any CPU.ActiveCfg = Release|Any CPU
		{1D13AD2F-8490-4E6A-86E6-A6722CB32B5A}.Release|Any CPU.Build.0 = Release|Any CPU
		{35871841-F988-4534-81D4-07C4B28F07A2}.Debug|Any CPU.ActiveCfg = Debug|Any CPU
		{35871841-F988-4534-81D4-07C4B28F07A2}.Debug|Any CPU.Build.0 = Debug|Any CPU
		{35871841-F988-4534-81D4-07C4B28F07A2}.Release|Any CPU.ActiveCfg = Release|Any CPU
		{35871841-F988-4534-81D4-07C4B28F07A2}.Release|Any CPU.Build.0 = Release|Any CPU
	EndGlobalSection
	GlobalSection(SolutionProperties) = preSolution
		HideSolutionNode = FALSE
	EndGlobalSection
	GlobalSection(NestedProjects) = preSolution
		{E4771522-237A-47CD-8548-BA9579CC4F55} = {A012A1E6-E13E-4736-877B-D1C8DCC2AAC1}
		{EFB4FEC6-B464-42E0-9D69-14178E82C922} = {BCE220F9-161D-44F5-8452-DC4366040E28}
		{5D56CAF5-10C2-4D1E-991A-3D1178BEE6E3} = {A012A1E6-E13E-4736-877B-D1C8DCC2AAC1}
		{2BAC4235-8547-4D91-AF18-040E851D4AD9} = {BCE220F9-161D-44F5-8452-DC4366040E28}
		{3A259846-848F-40C9-9443-D2A4817CA6E2} = {A012A1E6-E13E-4736-877B-D1C8DCC2AAC1}
		{7676F453-2577-4221-BF4B-9D1C9A48837C} = {BCE220F9-161D-44F5-8452-DC4366040E28}
		{C43106FA-20E7-4730-A21C-863F0A1FFF36} = {8A8DF2AE-D820-4CDB-BB3F-0A41C982FB53}
		{8A4FFC26-18D3-4A36-ADDA-E2A927D4E45A} = {8A8DF2AE-D820-4CDB-BB3F-0A41C982FB53}
		{1B53A02A-2796-48AF-8995-D62B8E856DDA} = {8A8DF2AE-D820-4CDB-BB3F-0A41C982FB53}
		{079AE087-9107-4F47-84A7-B8A3D86C8882} = {8A8DF2AE-D820-4CDB-BB3F-0A41C982FB53}
		{C48F65C0-E811-4C3F-988A-4E58BF7FE1D1} = {8A8DF2AE-D820-4CDB-BB3F-0A41C982FB53}
		{0C2F75DB-7CC7-48DD-9389-1B1F8D3119D2} = {8A8DF2AE-D820-4CDB-BB3F-0A41C982FB53}
		{2A132730-4B9F-483E-89FB-D13AC6427E06} = {8A8DF2AE-D820-4CDB-BB3F-0A41C982FB53}
		{95299793-D6E1-430A-9EEC-F53BEECD553B} = {8A8DF2AE-D820-4CDB-BB3F-0A41C982FB53}
		{9B472FA9-370E-426E-8828-AB5267D8BDA7} = {8A8DF2AE-D820-4CDB-BB3F-0A41C982FB53}
		{E565844E-835F-4DC9-9126-C6B961A62D03} = {8A8DF2AE-D820-4CDB-BB3F-0A41C982FB53}
		{5378CEF1-A29E-4756-820C-CAA0F0F0BE62} = {8A8DF2AE-D820-4CDB-BB3F-0A41C982FB53}
		{B05360EE-2966-4271-9644-84F6EA97080C} = {8A8DF2AE-D820-4CDB-BB3F-0A41C982FB53}
		{2AEA95DD-8C65-40E3-8AB3-74A27516D90C} = {A012A1E6-E13E-4736-877B-D1C8DCC2AAC1}
		{F0727E79-531E-476B-A403-8D9ADF420499} = {BCE220F9-161D-44F5-8452-DC4366040E28}
		{8770811C-EB67-41B2-AE93-55CC50882CA0} = {BCE220F9-161D-44F5-8452-DC4366040E28}
		{21FDF613-9750-4B07-ACC6-5B39F057CE0A} = {8A8DF2AE-D820-4CDB-BB3F-0A41C982FB53}
		{558357B7-70C6-4347-8FDC-DB9818C53A5A} = {BD9996A4-9087-4ED8-B3F6-541FE7722C1D}
		{17DD8CBF-62B6-42E5-9E38-2AE4A630A97F} = {BD9996A4-9087-4ED8-B3F6-541FE7722C1D}
		{6AE866E1-054C-4470-95D0-3EC06E3A7486} = {BD9996A4-9087-4ED8-B3F6-541FE7722C1D}
		{1D13AD2F-8490-4E6A-86E6-A6722CB32B5A} = {BD9996A4-9087-4ED8-B3F6-541FE7722C1D}
		{35871841-F988-4534-81D4-07C4B28F07A2} = {BD9996A4-9087-4ED8-B3F6-541FE7722C1D}
	EndGlobalSection
EndGlobal
